
Microsoft Visual Studio Solution File, Format Version 12.00
# Visual Studio Version 16
VisualStudioVersion = 16.0.31424.327
MinimumVisualStudioVersion = 10.0.40219.1
Project("{FAE04EC0-301F-11D3-BF4B-00C04F79EFBC}") = "Chapter22", "Chapter22\Chapter22.csproj", "{2A21E34A-CCF8-4C8A-880F-3AD7489D1478}"
EndProject
Global
	GlobalSection(SolutionConfigurationPlatforms) = preSolution
		Debug|Any CPU = Debug|Any CPU
		Release|Any CPU = Release|Any CPU
	EndGlobalSection
	GlobalSection(ProjectConfigurationPlatforms) = postSolution
		{2A21E34A-CCF8-4C8A-880F-3AD7489D1478}.Debug|Any CPU.ActiveCfg = Debug|Any CPU
		{2A21E34A-CCF8-4C8A-880F-3AD7489D1478}.Debug|Any CPU.Build.0 = Debug|Any CPU
		{2A21E34A-CCF8-4C8A-880F-3AD7489D1478}.Release|Any CPU.ActiveCfg = Release|Any CPU
		{2A21E34A-CCF8-4C8A-880F-3AD7489D1478}.Release|Any CPU.Build.0 = Release|Any CPU
	EndGlobalSection
	GlobalSection(SolutionProperties) = preSolution
		HideSolutionNode = FALSE
	EndGlobalSection
	GlobalSection(ExtensibilityGlobals) = postSolution
		SolutionGuid = {B2157750-A4D8-425A-83F0-D8858A3AE5B7}
	EndGlobalSection
EndGlobal
