
Microsoft Visual Studio Solution File, Format Version 12.00
# Visual Studio Version 16
VisualStudioVersion = 16.0.31424.327
MinimumVisualStudioVersion = 10.0.40219.1
Project("{FAE04EC0-301F-11D3-BF4B-00C04F79EFBC}") = "Chapter14", "Chapter14\Chapter14.csproj", "{43692380-92A9-4776-BACE-6C3D86C4B115}"
EndProject
Global
	GlobalSection(SolutionConfigurationPlatforms) = preSolution
		Debug|Any CPU = Debug|Any CPU
		Release|Any CPU = Release|Any CPU
	EndGlobalSection
	GlobalSection(ProjectConfigurationPlatforms) = postSolution
		{43692380-92A9-4776-BACE-6C3D86C4B115}.Debug|Any CPU.ActiveCfg = Debug|Any CPU
		{43692380-92A9-4776-BACE-6C3D86C4B115}.Debug|Any CPU.Build.0 = Debug|Any CPU
		{43692380-92A9-4776-BACE-6C3D86C4B115}.Release|Any CPU.ActiveCfg = Release|Any CPU
		{43692380-92A9-4776-BACE-6C3D86C4B115}.Release|Any CPU.Build.0 = Release|Any CPU
	EndGlobalSection
	GlobalSection(SolutionProperties) = preSolution
		HideSolutionNode = FALSE
	EndGlobalSection
	GlobalSection(ExtensibilityGlobals) = postSolution
		SolutionGuid = {7A0ADD1E-CD2F-4149-9ED5-EF84CCBCF0F8}
	EndGlobalSection
EndGlobal
